# This file is automatically @generated by Cargo.
# It is not intended for manual editing.
version = 3

[[package]]
name = "either"
version = "1.6.1"
source = "registry+https://github.com/rust-lang/crates.io-index"
checksum = "e78d4f1cc4ae33bbfc157ed5d5a5ef3bc29227303d595861deb238fcec4e9457"

[[package]]
name = "itertools"
version = "0.10.1"
source = "registry+https://github.com/rust-lang/crates.io-index"
checksum = "69ddb889f9d0d08a67338271fa9b62996bc788c7796a5c18cf057420aaed5eaf"
dependencies = [
 "either",
]

[[package]]
name = "lexical-core"
version = "0.8.2"
source = "registry+https://github.com/rust-lang/crates.io-index"
checksum = "6a3926d8f156019890be4abe5fd3785e0cff1001e06f59c597641fd513a5a284"
dependencies = [
 "lexical-parse-float",
 "lexical-parse-integer",
 "lexical-util",
 "lexical-write-float",
 "lexical-write-integer",
]

[[package]]
name = "lexical-parse-float"
version = "0.8.2"
source = "registry+https://github.com/rust-lang/crates.io-index"
checksum = "b4d066d004fa762d9da995ed21aa8845bb9f6e4265f540d716fb4b315197bf0e"
dependencies = [
 "lexical-parse-integer",
 "lexical-util",
 "static_assertions",
]

[[package]]
name = "lexical-parse-integer"
version = "0.8.0"
source = "registry+https://github.com/rust-lang/crates.io-index"
checksum = "f2c92badda8cc0fc4f3d3cc1c30aaefafb830510c8781ce4e8669881f3ed53ac"
dependencies = [
 "lexical-util",
 "static_assertions",
]

[[package]]
name = "lexical-util"
version = "0.8.1"
source = "registry+https://github.com/rust-lang/crates.io-index"
checksum = "6ff669ccaae16ee33af90dc51125755efed17f1309626ba5c12052512b11e291"
dependencies = [
 "static_assertions",
]

[[package]]
name = "lexical-write-float"
version = "0.8.2"
source = "registry+https://github.com/rust-lang/crates.io-index"
checksum = "8b5186948c7b297abaaa51560f2581dae625e5ce7dfc2d8fdc56345adb6dc576"
dependencies = [
 "lexical-util",
 "lexical-write-integer",
 "static_assertions",
]

[[package]]
name = "lexical-write-integer"
version = "0.8.0"
source = "registry+https://github.com/rust-lang/crates.io-index"
checksum = "ece956492e0e40fd95ef8658a34d53a3b8c2015762fdcaaff2167b28de1f56ef"
dependencies = [
 "lexical-util",
 "static_assertions",
]

[[package]]
name = "mingweisamuel"
version = "0.1.0"
dependencies = [
 "itertools",
 "lexical-core",
]

[[package]]
name = "static_assertions"
version = "1.1.0"
source = "registry+https://github.com/rust-lang/crates.io-index"
checksum = "a2eb9349b6444b326872e140eb1cf5e7c522154d69e7a0ffb0fb81c06b37543f"
